
Microsoft Visual Studio Solution File, Format Version 12.00
# Visual Studio Version 17
VisualStudioVersion = 17.0.32014.148
MinimumVisualStudioVersion = 10.0.40219.1
Project("{2150E333-8FDC-42A3-9474-1A3956D46DE8}") = "1. Enterprice Business Rules", "1. Enterprice Business Rules", "{B626C46C-DB5B-4561-8D7F-E6648AE4260A}"
EndProject
Project("{2150E333-8FDC-42A3-9474-1A3956D46DE8}") = "2. Aplication Business Rules", "2. Aplication Business Rules", "{82F3AC42-6EF5-4C9E-A43C-C703ED4CFACB}"
EndProject
Project("{2150E333-8FDC-42A3-9474-1A3956D46DE8}") = "3. Interface Adapters", "3. Interface Adapters", "{A799FCDB-71C9-449F-966B-DBF4E5834FB3}"
EndProject
Project("{2150E333-8FDC-42A3-9474-1A3956D46DE8}") = "4. Frameworks and Drivers", "4. Frameworks and Drivers", "{9FC4A4D0-63C9-4AC2-BD13-368DACA2913B}"
EndProject
Project("{FAE04EC0-301F-11D3-BF4B-00C04F79EFBC}") = "FlashCards.Core", "FlashCards.Core\FlashCards.Core.csproj", "{524ABF54-ABA3-4AC0-A6CC-6A4F9CD3D01B}"
EndProject
Project("{FAE04EC0-301F-11D3-BF4B-00C04F79EFBC}") = "FlashCards.UseCases", "FlashCards.UseCases\FlashCards.UseCases.csproj", "{E53754DD-323A-498A-B202-68399FEDC777}"
EndProject
Project("{FAE04EC0-301F-11D3-BF4B-00C04F79EFBC}") = "FlashCards.MemoryRepository", "FlashCards.MemoryRepository\FlashCards.MemoryRepository.csproj", "{905F86F3-C3E6-4A1F-9A1D-837767E1B158}"
EndProject
Project("{2150E333-8FDC-42A3-9474-1A3956D46DE8}") = "Repositories", "Repositories", "{67D09207-7565-4719-83A1-90CA6DCE300C}"
EndProject
Project("{2150E333-8FDC-42A3-9474-1A3956D46DE8}") = "Gateways", "Gateways", "{8FBD73FA-3FD5-45E7-A1A3-118BF07401A3}"
EndProject
Project("{FAE04EC0-301F-11D3-BF4B-00C04F79EFBC}") = "FlashCards.Controllers", "FlashCards.Controllers\FlashCards.Controllers.csproj", "{50F5AAB1-2531-4696-8717-2AEE7ED341C9}"
EndProject
Project("{FAE04EC0-301F-11D3-BF4B-00C04F79EFBC}") = "FlashCards.Presenter", "FlashCards.Presenter\FlashCards.Presenter.csproj", "{726BF060-280E-4FC6-844F-E82063498273}"
EndProject
Project("{FAE04EC0-301F-11D3-BF4B-00C04F79EFBC}") = "FlashCards.IoC", "FlashCards.IoC\FlashCards.IoC.csproj", "{B6484517-02DC-4576-B207-F098888027EA}"
EndProject
Project("{FAE04EC0-301F-11D3-BF4B-00C04F79EFBC}") = "FlashCards.BlazorClient", "FlashCards.BlazorClient\FlashCards.BlazorClient.csproj", "{85060003-89BA-4233-A234-B44CD55E0185}"
EndProject
Project("{2150E333-8FDC-42A3-9474-1A3956D46DE8}") = "UI", "UI", "{F61EF9D9-4B96-480B-8B40-0DBA1B52E2F1}"
EndProject
Global
	GlobalSection(SolutionConfigurationPlatforms) = preSolution
		Debug|Any CPU = Debug|Any CPU
		Release|Any CPU = Release|Any CPU
	EndGlobalSection
	GlobalSection(ProjectConfigurationPlatforms) = postSolution
		{524ABF54-ABA3-4AC0-A6CC-6A4F9CD3D01B}.Debug|Any CPU.ActiveCfg = Debug|Any CPU
		{524ABF54-ABA3-4AC0-A6CC-6A4F9CD3D01B}.Debug|Any CPU.Build.0 = Debug|Any CPU
		{524ABF54-ABA3-4AC0-A6CC-6A4F9CD3D01B}.Release|Any CPU.ActiveCfg = Release|Any CPU
		{524ABF54-ABA3-4AC0-A6CC-6A4F9CD3D01B}.Release|Any CPU.Build.0 = Release|Any CPU
		{E53754DD-323A-498A-B202-68399FEDC777}.Debug|Any CPU.ActiveCfg = Debug|Any CPU
		{E53754DD-323A-498A-B202-68399FEDC777}.Debug|Any CPU.Build.0 = Debug|Any CPU
		{E53754DD-323A-498A-B202-68399FEDC777}.Release|Any CPU.ActiveCfg = Release|Any CPU
		{E53754DD-323A-498A-B202-68399FEDC777}.Release|Any CPU.Build.0 = Release|Any CPU
		{905F86F3-C3E6-4A1F-9A1D-837767E1B158}.Debug|Any CPU.ActiveCfg = Debug|Any CPU
		{905F86F3-C3E6-4A1F-9A1D-837767E1B158}.Debug|Any CPU.Build.0 = Debug|Any CPU
		{905F86F3-C3E6-4A1F-9A1D-837767E1B158}.Release|Any CPU.ActiveCfg = Release|Any CPU
		{905F86F3-C3E6-4A1F-9A1D-837767E1B158}.Release|Any CPU.Build.0 = Release|Any CPU
		{50F5AAB1-2531-4696-8717-2AEE7ED341C9}.Debug|Any CPU.ActiveCfg = Debug|Any CPU
		{50F5AAB1-2531-4696-8717-2AEE7ED341C9}.Debug|Any CPU.Build.0 = Debug|Any CPU
		{50F5AAB1-2531-4696-8717-2AEE7ED341C9}.Release|Any CPU.ActiveCfg = Release|Any CPU
		{50F5AAB1-2531-4696-8717-2AEE7ED341C9}.Release|Any CPU.Build.0 = Release|Any CPU
		{726BF060-280E-4FC6-844F-E82063498273}.Debug|Any CPU.ActiveCfg = Debug|Any CPU
		{726BF060-280E-4FC6-844F-E82063498273}.Debug|Any CPU.Build.0 = Debug|Any CPU
		{726BF060-280E-4FC6-844F-E82063498273}.Release|Any CPU.ActiveCfg = Release|Any CPU
		{726BF060-280E-4FC6-844F-E82063498273}.Release|Any CPU.Build.0 = Release|Any CPU
		{B6484517-02DC-4576-B207-F098888027EA}.Debug|Any CPU.ActiveCfg = Debug|Any CPU
		{B6484517-02DC-4576-B207-F098888027EA}.Debug|Any CPU.Build.0 = Debug|Any CPU
		{B6484517-02DC-4576-B207-F098888027EA}.Release|Any CPU.ActiveCfg = Release|Any CPU
		{B6484517-02DC-4576-B207-F098888027EA}.Release|Any CPU.Build.0 = Release|Any CPU
		{85060003-89BA-4233-A234-B44CD55E0185}.Debug|Any CPU.ActiveCfg = Debug|Any CPU
		{85060003-89BA-4233-A234-B44CD55E0185}.Debug|Any CPU.Build.0 = Debug|Any CPU
		{85060003-89BA-4233-A234-B44CD55E0185}.Release|Any CPU.ActiveCfg = Release|Any CPU
		{85060003-89BA-4233-A234-B44CD55E0185}.Release|Any CPU.Build.0 = Release|Any CPU
	EndGlobalSection
	GlobalSection(SolutionProperties) = preSolution
		HideSolutionNode = FALSE
	EndGlobalSection
	GlobalSection(NestedProjects) = preSolution
		{524ABF54-ABA3-4AC0-A6CC-6A4F9CD3D01B} = {B626C46C-DB5B-4561-8D7F-E6648AE4260A}
		{E53754DD-323A-498A-B202-68399FEDC777} = {82F3AC42-6EF5-4C9E-A43C-C703ED4CFACB}
		{905F86F3-C3E6-4A1F-9A1D-837767E1B158} = {67D09207-7565-4719-83A1-90CA6DCE300C}
		{67D09207-7565-4719-83A1-90CA6DCE300C} = {8FBD73FA-3FD5-45E7-A1A3-118BF07401A3}
		{8FBD73FA-3FD5-45E7-A1A3-118BF07401A3} = {A799FCDB-71C9-449F-966B-DBF4E5834FB3}
		{50F5AAB1-2531-4696-8717-2AEE7ED341C9} = {A799FCDB-71C9-449F-966B-DBF4E5834FB3}
		{726BF060-280E-4FC6-844F-E82063498273} = {A799FCDB-71C9-449F-966B-DBF4E5834FB3}
		{B6484517-02DC-4576-B207-F098888027EA} = {A799FCDB-71C9-449F-966B-DBF4E5834FB3}
		{85060003-89BA-4233-A234-B44CD55E0185} = {F61EF9D9-4B96-480B-8B40-0DBA1B52E2F1}
		{F61EF9D9-4B96-480B-8B40-0DBA1B52E2F1} = {9FC4A4D0-63C9-4AC2-BD13-368DACA2913B}
	EndGlobalSection
	GlobalSection(ExtensibilityGlobals) = postSolution
		SolutionGuid = {9E042CFB-24CE-43F8-B089-8F6F4C9FC5C7}
	EndGlobalSection
EndGlobal
